
Microsoft Visual Studio Solution File, Format Version 12.00
# Visual Studio Version 17
VisualStudioVersion = 17.8.34309.116
MinimumVisualStudioVersion = 10.0.40219.1
Project("{FAE04EC0-301F-11D3-BF4B-00C04F79EFBC}") = "ProjekatSYSProg1", "ProjekatSYSProg1\ProjekatSYSProg1.csproj", "{C3E3316C-E18A-4D15-BCEE-8A6A38BEBEEF}"
EndProject
Global
	GlobalSection(SolutionConfigurationPlatforms) = preSolution
		Debug|Any CPU = Debug|Any CPU
		Release|Any CPU = Release|Any CPU
	EndGlobalSection
	GlobalSection(ProjectConfigurationPlatforms) = postSolution
		{C3E3316C-E18A-4D15-BCEE-8A6A38BEBEEF}.Debug|Any CPU.ActiveCfg = Debug|Any CPU
		{C3E3316C-E18A-4D15-BCEE-8A6A38BEBEEF}.Debug|Any CPU.Build.0 = Debug|Any CPU
		{C3E3316C-E18A-4D15-BCEE-8A6A38BEBEEF}.Release|Any CPU.ActiveCfg = Release|Any CPU
		{C3E3316C-E18A-4D15-BCEE-8A6A38BEBEEF}.Release|Any CPU.Build.0 = Release|Any CPU
	EndGlobalSection
	GlobalSection(SolutionProperties) = preSolution
		HideSolutionNode = FALSE
	EndGlobalSection
	GlobalSection(ExtensibilityGlobals) = postSolution
		SolutionGuid = {AB045A13-785F-47B6-8F50-1941259CDC13}
	EndGlobalSection
EndGlobal
